// !$*UTF8*$!
{
	archiveVersion = 1;
	classes = {
	};
	objectVersion = 48;
	objects = {

/* Begin PBXBuildFile section */
		2A0615F4CB2741323B6EE669 /* libPods-BehaviourDemo.a in Frameworks */ = {isa = PBXBuildFile; fileRef = CBF698C7D8045D51926B5642 /* libPods-BehaviourDemo.a */; };
		4A5EFE5520083AEF00DFF600 /* CLCharacterLimitBehaviour.m in Sources */ = {isa = PBXBuildFile; fileRef = 4A5EFE5320083AEF00DFF600 /* CLCharacterLimitBehaviour.m */; };
		4A5EFE5820083D0500DFF600 /* NSString+ACIEmoji.m in Sources */ = {isa = PBXBuildFile; fileRef = 4A5EFE5620083D0500DFF600 /* NSString+ACIEmoji.m */; };
		8D534CD25B84E4ED9236F68D /* libPods-BehaviourDemoUITests.a in Frameworks */ = {isa = PBXBuildFile; fileRef = 45C9DEBCC3296486C93B829F /* libPods-BehaviourDemoUITests.a */; };
		E7F239BEFF870F127A6D45E3 /* libPods-BehaviourDemoTests.a in Frameworks */ = {isa = PBXBuildFile; fileRef = 682925020828B2BA4E23B6A6 /* libPods-BehaviourDemoTests.a */; };
		FE39C4022006611100F41253 /* CLImagePickerBehaviour.m in Sources */ = {isa = PBXBuildFile; fileRef = FE39C4012006611100F41253 /* CLImagePickerBehaviour.m */; };
		FE39C4062007A12300F41253 /* CLBecomeFirstResponderBehaviour.m in Sources */ = {isa = PBXBuildFile; fileRef = FE39C4052007A12300F41253 /* CLBecomeFirstResponderBehaviour.m */; };
		FE39C40A2007AE8900F41253 /* CLParallaxAnimationBehaviour.m in Sources */ = {isa = PBXBuildFile; fileRef = FE39C4092007AE8900F41253 /* CLParallaxAnimationBehaviour.m */; };
		FEAA5B431FFE658800E2FA26 /* AppDelegate.m in Sources */ = {isa = PBXBuildFile; fileRef = FEAA5B421FFE658800E2FA26 /* AppDelegate.m */; };
		FEAA5B461FFE658800E2FA26 /* ViewController.m in Sources */ = {isa = PBXBuildFile; fileRef = FEAA5B451FFE658800E2FA26 /* ViewController.m */; };
		FEAA5B491FFE658800E2FA26 /* Main.storyboard in Resources */ = {isa = PBXBuildFile; fileRef = FEAA5B471FFE658800E2FA26 /* Main.storyboard */; };
		FEAA5B4B1FFE658800E2FA26 /* Assets.xcassets in Resources */ = {isa = PBXBuildFile; fileRef = FEAA5B4A1FFE658800E2FA26 /* Assets.xcassets */; };
		FEAA5B4E1FFE658800E2FA26 /* LaunchScreen.storyboard in Resources */ = {isa = PBXBuildFile; fileRef = FEAA5B4C1FFE658800E2FA26 /* LaunchScreen.storyboard */; };
		FEAA5B511FFE658800E2FA26 /* main.m in Sources */ = {isa = PBXBuildFile; fileRef = FEAA5B501FFE658800E2FA26 /* main.m */; };
		FEAA5B5B1FFE658800E2FA26 /* BehaviourDemoTests.m in Sources */ = {isa = PBXBuildFile; fileRef = FEAA5B5A1FFE658800E2FA26 /* BehaviourDemoTests.m */; };
		FEAA5B661FFE658800E2FA26 /* BehaviourDemoUITests.m in Sources */ = {isa = PBXBuildFile; fileRef = FEAA5B651FFE658800E2FA26 /* BehaviourDemoUITests.m */; };
		FEAA5B761FFE6CDA00E2FA26 /* StrechyHeaderExampleViewController.m in Sources */ = {isa = PBXBuildFile; fileRef = FEAA5B751FFE6CDA00E2FA26 /* StrechyHeaderExampleViewController.m */; };
		FEAA5B7E2000737000E2FA26 /* CLBehaviour.m in Sources */ = {isa = PBXBuildFile; fileRef = FEAA5B7D2000737000E2FA26 /* CLBehaviour.m */; };
		FEAA5B812000781600E2FA26 /* CLMultiplexerProxyBehaviour.m in Sources */ = {isa = PBXBuildFile; fileRef = FEAA5B802000781600E2FA26 /* CLMultiplexerProxyBehaviour.m */; };
		FEAA5B842000F24700E2FA26 /* CLStretchyHeaderBehaviour.m in Sources */ = {isa = PBXBuildFile; fileRef = FEAA5B832000F24700E2FA26 /* CLStretchyHeaderBehaviour.m */; };
		FEAA5B8720011F5E00E2FA26 /* CLBlurBehaviour.m in Sources */ = {isa = PBXBuildFile; fileRef = FEAA5B8620011F5E00E2FA26 /* CLBlurBehaviour.m */; };
/* End PBXBuildFile section */

/* Begin PBXContainerItemProxy section */
		FEAA5B571FFE658800E2FA26 /* PBXContainerItemProxy */ = {
			isa = PBXContainerItemProxy;
			containerPortal = FEAA5B361FFE658800E2FA26 /* Project object */;
			proxyType = 1;
			remoteGlobalIDString = FEAA5B3D1FFE658800E2FA26;
			remoteInfo = BehaviourDemo;
		};
		FEAA5B621FFE658800E2FA26 /* PBXContainerItemProxy */ = {
			isa = PBXContainerItemProxy;
			containerPortal = FEAA5B361FFE658800E2FA26 /* Project object */;
			proxyType = 1;
			remoteGlobalIDString = FEAA5B3D1FFE658800E2FA26;
			remoteInfo = BehaviourDemo;
		};
/* End PBXContainerItemProxy section */

/* Begin PBXFileReference section */
		18692C655BDA6A08F13D129A /* Pods-BehaviourDemo.release.xcconfig */ = {isa = PBXFileReference; includeInIndex = 1; lastKnownFileType = text.xcconfig; name = "Pods-BehaviourDemo.release.xcconfig"; path = "Pods/Target Support Files/Pods-BehaviourDemo/Pods-BehaviourDemo.release.xcconfig"; sourceTree = "<group>"; };
		1AAA0CEE73E9D689EBE68F7A /* Pods-BehaviourDemoTests.debug.xcconfig */ = {isa = PBXFileReference; includeInIndex = 1; lastKnownFileType = text.xcconfig; name = "Pods-BehaviourDemoTests.debug.xcconfig"; path = "Pods/Target Support Files/Pods-BehaviourDemoTests/Pods-BehaviourDemoTests.debug.xcconfig"; sourceTree = "<group>"; };
		45C9DEBCC3296486C93B829F /* libPods-BehaviourDemoUITests.a */ = {isa = PBXFileReference; explicitFileType = archive.ar; includeInIndex = 0; path = "libPods-BehaviourDemoUITests.a"; sourceTree = BUILT_PRODUCTS_DIR; };
		48E219AC17D998929AE10CBD /* Pods-BehaviourDemoUITests.release.xcconfig */ = {isa = PBXFileReference; includeInIndex = 1; lastKnownFileType = text.xcconfig; name = "Pods-BehaviourDemoUITests.release.xcconfig"; path = "Pods/Target Support Files/Pods-BehaviourDemoUITests/Pods-BehaviourDemoUITests.release.xcconfig"; sourceTree = "<group>"; };
		4A5EFE5320083AEF00DFF600 /* CLCharacterLimitBehaviour.m */ = {isa = PBXFileReference; fileEncoding = 4; lastKnownFileType = sourcecode.c.objc; path = CLCharacterLimitBehaviour.m; sourceTree = "<group>"; };
		4A5EFE5420083AEF00DFF600 /* CLCharacterLimitBehaviour.h */ = {isa = PBXFileReference; fileEncoding = 4; lastKnownFileType = sourcecode.c.h; path = CLCharacterLimitBehaviour.h; sourceTree = "<group>"; };
		4A5EFE5620083D0500DFF600 /* NSString+ACIEmoji.m */ = {isa = PBXFileReference; fileEncoding = 4; lastKnownFileType = sourcecode.c.objc; path = "NSString+ACIEmoji.m"; sourceTree = "<group>"; };
		4A5EFE5720083D0500DFF600 /* NSString+ACIEmoji.h */ = {isa = PBXFileReference; fileEncoding = 4; lastKnownFileType = sourcecode.c.h; path = "NSString+ACIEmoji.h"; sourceTree = "<group>"; };
		6186DB6ED4D4035C3C4EB66C /* Pods-BehaviourDemoUITests.debug.xcconfig */ = {isa = PBXFileReference; includeInIndex = 1; lastKnownFileType = text.xcconfig; name = "Pods-BehaviourDemoUITests.debug.xcconfig"; path = "Pods/Target Support Files/Pods-BehaviourDemoUITests/Pods-BehaviourDemoUITests.debug.xcconfig"; sourceTree = "<group>"; };
		682925020828B2BA4E23B6A6 /* libPods-BehaviourDemoTests.a */ = {isa = PBXFileReference; explicitFileType = archive.ar; includeInIndex = 0; path = "libPods-BehaviourDemoTests.a"; sourceTree = BUILT_PRODUCTS_DIR; };
		AC21BAA8A9413EB0EA9EF724 /* Pods-BehaviourDemoTests.release.xcconfig */ = {isa = PBXFileReference; includeInIndex = 1; lastKnownFileType = text.xcconfig; name = "Pods-BehaviourDemoTests.release.xcconfig"; path = "Pods/Target Support Files/Pods-BehaviourDemoTests/Pods-BehaviourDemoTests.release.xcconfig"; sourceTree = "<group>"; };
		C04A0311F40B638E7CDE407E /* Pods-BehaviourDemo.debug.xcconfig */ = {isa = PBXFileReference; includeInIndex = 1; lastKnownFileType = text.xcconfig; name = "Pods-BehaviourDemo.debug.xcconfig"; path = "Pods/Target Support Files/Pods-BehaviourDemo/Pods-BehaviourDemo.debug.xcconfig"; sourceTree = "<group>"; };
		CBF698C7D8045D51926B5642 /* libPods-BehaviourDemo.a */ = {isa = PBXFileReference; explicitFileType = archive.ar; includeInIndex = 0; path = "libPods-BehaviourDemo.a"; sourceTree = BUILT_PRODUCTS_DIR; };
		FE39C4002006611100F41253 /* CLImagePickerBehaviour.h */ = {isa = PBXFileReference; lastKnownFileType = sourcecode.c.h; path = CLImagePickerBehaviour.h; sourceTree = "<group>"; };
		FE39C4012006611100F41253 /* CLImagePickerBehaviour.m */ = {isa = PBXFileReference; lastKnownFileType = sourcecode.c.objc; path = CLImagePickerBehaviour.m; sourceTree = "<group>"; };
		FE39C4042007A12300F41253 /* CLBecomeFirstResponderBehaviour.h */ = {isa = PBXFileReference; lastKnownFileType = sourcecode.c.h; path = CLBecomeFirstResponderBehaviour.h; sourceTree = "<group>"; };
		FE39C4052007A12300F41253 /* CLBecomeFirstResponderBehaviour.m */ = {isa = PBXFileReference; lastKnownFileType = sourcecode.c.objc; path = CLBecomeFirstResponderBehaviour.m; sourceTree = "<group>"; };
		FE39C4082007AE8900F41253 /* CLParallaxAnimationBehaviour.h */ = {isa = PBXFileReference; lastKnownFileType = sourcecode.c.h; path = CLParallaxAnimationBehaviour.h; sourceTree = "<group>"; };
		FE39C4092007AE8900F41253 /* CLParallaxAnimationBehaviour.m */ = {isa = PBXFileReference; lastKnownFileType = sourcecode.c.objc; path = CLParallaxAnimationBehaviour.m; sourceTree = "<group>"; };
		FEAA5B3E1FFE658800E2FA26 /* BehaviourDemo.app */ = {isa = PBXFileReference; explicitFileType = wrapper.application; includeInIndex = 0; path = BehaviourDemo.app; sourceTree = BUILT_PRODUCTS_DIR; };
		FEAA5B411FFE658800E2FA26 /* AppDelegate.h */ = {isa = PBXFileReference; lastKnownFileType = sourcecode.c.h; path = AppDelegate.h; sourceTree = "<group>"; };
		FEAA5B421FFE658800E2FA26 /* AppDelegate.m */ = {isa = PBXFileReference; lastKnownFileType = sourcecode.c.objc; path = AppDelegate.m; sourceTree = "<group>"; };
		FEAA5B441FFE658800E2FA26 /* ViewController.h */ = {isa = PBXFileReference; lastKnownFileType = sourcecode.c.h; path = ViewController.h; sourceTree = "<group>"; };
		FEAA5B451FFE658800E2FA26 /* ViewController.m */ = {isa = PBXFileReference; lastKnownFileType = sourcecode.c.objc; path = ViewController.m; sourceTree = "<group>"; };
		FEAA5B481FFE658800E2FA26 /* Base */ = {isa = PBXFileReference; lastKnownFileType = file.storyboard; name = Base; path = Base.lproj/Main.storyboard; sourceTree = "<group>"; };
		FEAA5B4A1FFE658800E2FA26 /* Assets.xcassets */ = {isa = PBXFileReference; lastKnownFileType = folder.assetcatalog; path = Assets.xcassets; sourceTree = "<group>"; };
		FEAA5B4D1FFE658800E2FA26 /* Base */ = {isa = PBXFileReference; lastKnownFileType = file.storyboard; name = Base; path = Base.lproj/LaunchScreen.storyboard; sourceTree = "<group>"; };
		FEAA5B4F1FFE658800E2FA26 /* Info.plist */ = {isa = PBXFileReference; lastKnownFileType = text.plist.xml; path = Info.plist; sourceTree = "<group>"; };
		FEAA5B501FFE658800E2FA26 /* main.m */ = {isa = PBXFileReference; lastKnownFileType = sourcecode.c.objc; path = main.m; sourceTree = "<group>"; };
		FEAA5B561FFE658800E2FA26 /* BehaviourDemoTests.xctest */ = {isa = PBXFileReference; explicitFileType = wrapper.cfbundle; includeInIndex = 0; path = BehaviourDemoTests.xctest; sourceTree = BUILT_PRODUCTS_DIR; };
		FEAA5B5A1FFE658800E2FA26 /* BehaviourDemoTests.m */ = {isa = PBXFileReference; lastKnownFileType = sourcecode.c.objc; path = BehaviourDemoTests.m; sourceTree = "<group>"; };
		FEAA5B5C1FFE658800E2FA26 /* Info.plist */ = {isa = PBXFileReference; lastKnownFileType = text.plist.xml; path = Info.plist; sourceTree = "<group>"; };
		FEAA5B611FFE658800E2FA26 /* BehaviourDemoUITests.xctest */ = {isa = PBXFileReference; explicitFileType = wrapper.cfbundle; includeInIndex = 0; path = BehaviourDemoUITests.xctest; sourceTree = BUILT_PRODUCTS_DIR; };
		FEAA5B651FFE658800E2FA26 /* BehaviourDemoUITests.m */ = {isa = PBXFileReference; lastKnownFileType = sourcecode.c.objc; path = BehaviourDemoUITests.m; sourceTree = "<group>"; };
		FEAA5B671FFE658800E2FA26 /* Info.plist */ = {isa = PBXFileReference; lastKnownFileType = text.plist.xml; path = Info.plist; sourceTree = "<group>"; };
		FEAA5B741FFE6CDA00E2FA26 /* StrechyHeaderExampleViewController.h */ = {isa = PBXFileReference; lastKnownFileType = sourcecode.c.h; path = StrechyHeaderExampleViewController.h; sourceTree = "<group>"; };
		FEAA5B751FFE6CDA00E2FA26 /* StrechyHeaderExampleViewController.m */ = {isa = PBXFileReference; lastKnownFileType = sourcecode.c.objc; path = StrechyHeaderExampleViewController.m; sourceTree = "<group>"; };
		FEAA5B7C2000737000E2FA26 /* CLBehaviour.h */ = {isa = PBXFileReference; lastKnownFileType = sourcecode.c.h; path = CLBehaviour.h; sourceTree = "<group>"; };
		FEAA5B7D2000737000E2FA26 /* CLBehaviour.m */ = {isa = PBXFileReference; lastKnownFileType = sourcecode.c.objc; path = CLBehaviour.m; sourceTree = "<group>"; };
		FEAA5B7F2000781600E2FA26 /* CLMultiplexerProxyBehaviour.h */ = {isa = PBXFileReference; lastKnownFileType = sourcecode.c.h; path = CLMultiplexerProxyBehaviour.h; sourceTree = "<group>"; };
		FEAA5B802000781600E2FA26 /* CLMultiplexerProxyBehaviour.m */ = {isa = PBXFileReference; lastKnownFileType = sourcecode.c.objc; path = CLMultiplexerProxyBehaviour.m; sourceTree = "<group>"; };
		FEAA5B822000F24700E2FA26 /* CLStretchyHeaderBehaviour.h */ = {isa = PBXFileReference; lastKnownFileType = sourcecode.c.h; path = CLStretchyHeaderBehaviour.h; sourceTree = "<group>"; };
		FEAA5B832000F24700E2FA26 /* CLStretchyHeaderBehaviour.m */ = {isa = PBXFileReference; lastKnownFileType = sourcecode.c.objc; path = CLStretchyHeaderBehaviour.m; sourceTree = "<group>"; };
		FEAA5B8520011F5E00E2FA26 /* CLBlurBehaviour.h */ = {isa = PBXFileReference; lastKnownFileType = sourcecode.c.h; path = CLBlurBehaviour.h; sourceTree = "<group>"; };
		FEAA5B8620011F5E00E2FA26 /* CLBlurBehaviour.m */ = {isa = PBXFileReference; lastKnownFileType = sourcecode.c.objc; path = CLBlurBehaviour.m; sourceTree = "<group>"; };
/* End PBXFileReference section */

/* Begin PBXFrameworksBuildPhase section */
		FEAA5B3B1FFE658800E2FA26 /* Frameworks */ = {
			isa = PBXFrameworksBuildPhase;
			buildActionMask = 2147483647;
			files = (
				2A0615F4CB2741323B6EE669 /* libPods-BehaviourDemo.a in Frameworks */,
			);
			runOnlyForDeploymentPostprocessing = 0;
		};
		FEAA5B531FFE658800E2FA26 /* Frameworks */ = {
			isa = PBXFrameworksBuildPhase;
			buildActionMask = 2147483647;
			files = (
				E7F239BEFF870F127A6D45E3 /* libPods-BehaviourDemoTests.a in Frameworks */,
			);
			runOnlyForDeploymentPostprocessing = 0;
		};
		FEAA5B5E1FFE658800E2FA26 /* Frameworks */ = {
			isa = PBXFrameworksBuildPhase;
			buildActionMask = 2147483647;
			files = (
				8D534CD25B84E4ED9236F68D /* libPods-BehaviourDemoUITests.a in Frameworks */,
			);
			runOnlyForDeploymentPostprocessing = 0;
		};
/* End PBXFrameworksBuildPhase section */

/* Begin PBXGroup section */
		1186AC63B38FDC67B0D22C63 /* Frameworks */ = {
			isa = PBXGroup;
			children = (
				CBF698C7D8045D51926B5642 /* libPods-BehaviourDemo.a */,
				682925020828B2BA4E23B6A6 /* libPods-BehaviourDemoTests.a */,
				45C9DEBCC3296486C93B829F /* libPods-BehaviourDemoUITests.a */,
			);
			name = Frameworks;
			sourceTree = "<group>";
		};
		47358A91AB0AE11074B286DD /* Pods */ = {
			isa = PBXGroup;
			children = (
				C04A0311F40B638E7CDE407E /* Pods-BehaviourDemo.debug.xcconfig */,
				18692C655BDA6A08F13D129A /* Pods-BehaviourDemo.release.xcconfig */,
				1AAA0CEE73E9D689EBE68F7A /* Pods-BehaviourDemoTests.debug.xcconfig */,
				AC21BAA8A9413EB0EA9EF724 /* Pods-BehaviourDemoTests.release.xcconfig */,
				6186DB6ED4D4035C3C4EB66C /* Pods-BehaviourDemoUITests.debug.xcconfig */,
				48E219AC17D998929AE10CBD /* Pods-BehaviourDemoUITests.release.xcconfig */,
			);
			name = Pods;
			sourceTree = "<group>";
		};
		4A5EFE5220083ADB00DFF600 /* CharacterLimit */ = {
			isa = PBXGroup;
			children = (
				4A5EFE5720083D0500DFF600 /* NSString+ACIEmoji.h */,
				4A5EFE5620083D0500DFF600 /* NSString+ACIEmoji.m */,
				4A5EFE5420083AEF00DFF600 /* CLCharacterLimitBehaviour.h */,
				4A5EFE5320083AEF00DFF600 /* CLCharacterLimitBehaviour.m */,
			);
			path = CharacterLimit;
			sourceTree = "<group>";
		};
		FE39C3FF200660EF00F41253 /* ImagePicker */ = {
			isa = PBXGroup;
			children = (
				FE39C4002006611100F41253 /* CLImagePickerBehaviour.h */,
				FE39C4012006611100F41253 /* CLImagePickerBehaviour.m */,
			);
			path = ImagePicker;
			sourceTree = "<group>";
		};
		FE39C4032007A10600F41253 /* BecomeFirstResponder */ = {
			isa = PBXGroup;
			children = (
				FE39C4042007A12300F41253 /* CLBecomeFirstResponderBehaviour.h */,
				FE39C4052007A12300F41253 /* CLBecomeFirstResponderBehaviour.m */,
			);
			path = BecomeFirstResponder;
			sourceTree = "<group>";
		};
		FE39C4072007AE5500F41253 /* Parallax */ = {
			isa = PBXGroup;
			children = (
				FE39C4082007AE8900F41253 /* CLParallaxAnimationBehaviour.h */,
				FE39C4092007AE8900F41253 /* CLParallaxAnimationBehaviour.m */,
			);
			path = Parallax;
			sourceTree = "<group>";
		};
		FEAA5B351FFE658800E2FA26 = {
			isa = PBXGroup;
			children = (
				FEAA5B401FFE658800E2FA26 /* BehaviourDemo */,
				FEAA5B591FFE658800E2FA26 /* BehaviourDemoTests */,
				FEAA5B641FFE658800E2FA26 /* BehaviourDemoUITests */,
				FEAA5B3F1FFE658800E2FA26 /* Products */,
				47358A91AB0AE11074B286DD /* Pods */,
				1186AC63B38FDC67B0D22C63 /* Frameworks */,
			);
			sourceTree = "<group>";
		};
		FEAA5B3F1FFE658800E2FA26 /* Products */ = {
			isa = PBXGroup;
			children = (
				FEAA5B3E1FFE658800E2FA26 /* BehaviourDemo.app */,
				FEAA5B561FFE658800E2FA26 /* BehaviourDemoTests.xctest */,
				FEAA5B611FFE658800E2FA26 /* BehaviourDemoUITests.xctest */,
			);
			name = Products;
			sourceTree = "<group>";
		};
		FEAA5B401FFE658800E2FA26 /* BehaviourDemo */ = {
			isa = PBXGroup;
			children = (
				FEAA5B7920006DDD00E2FA26 /* Behaviours */,
				FEAA5B731FFE6CA000E2FA26 /* ViewControllers */,
				FEAA5B411FFE658800E2FA26 /* AppDelegate.h */,
				FEAA5B421FFE658800E2FA26 /* AppDelegate.m */,
				FEAA5B441FFE658800E2FA26 /* ViewController.h */,
				FEAA5B451FFE658800E2FA26 /* ViewController.m */,
				FEAA5B471FFE658800E2FA26 /* Main.storyboard */,
				FEAA5B4A1FFE658800E2FA26 /* Assets.xcassets */,
				FEAA5B4C1FFE658800E2FA26 /* LaunchScreen.storyboard */,
				FEAA5B4F1FFE658800E2FA26 /* Info.plist */,
				FEAA5B501FFE658800E2FA26 /* main.m */,
			);
			path = BehaviourDemo;
			sourceTree = "<group>";
		};
		FEAA5B591FFE658800E2FA26 /* BehaviourDemoTests */ = {
			isa = PBXGroup;
			children = (
				FEAA5B5A1FFE658800E2FA26 /* BehaviourDemoTests.m */,
				FEAA5B5C1FFE658800E2FA26 /* Info.plist */,
			);
			path = BehaviourDemoTests;
			sourceTree = "<group>";
		};
		FEAA5B641FFE658800E2FA26 /* BehaviourDemoUITests */ = {
			isa = PBXGroup;
			children = (
				FEAA5B651FFE658800E2FA26 /* BehaviourDemoUITests.m */,
				FEAA5B671FFE658800E2FA26 /* Info.plist */,
			);
			path = BehaviourDemoUITests;
			sourceTree = "<group>";
		};
		FEAA5B731FFE6CA000E2FA26 /* ViewControllers */ = {
			isa = PBXGroup;
			children = (
				FEAA5B741FFE6CDA00E2FA26 /* StrechyHeaderExampleViewController.h */,
				FEAA5B751FFE6CDA00E2FA26 /* StrechyHeaderExampleViewController.m */,
			);
			path = ViewControllers;
			sourceTree = "<group>";
		};
		FEAA5B7920006DDD00E2FA26 /* Behaviours */ = {
			isa = PBXGroup;
			children = (
				FE39C4072007AE5500F41253 /* Parallax */,
				FE39C4032007A10600F41253 /* BecomeFirstResponder */,
				4A5EFE5220083ADB00DFF600 /* CharacterLimit */,
				FE39C3FF200660EF00F41253 /* ImagePicker */,
				FEAA5B7B20006E1B00E2FA26 /* StretchyHeader */,
				FEAA5B7A20006DF600E2FA26 /* Blur */,
				FEAA5B7C2000737000E2FA26 /* CLBehaviour.h */,
				FEAA5B7D2000737000E2FA26 /* CLBehaviour.m */,
				FEAA5B7F2000781600E2FA26 /* CLMultiplexerProxyBehaviour.h */,
				FEAA5B802000781600E2FA26 /* CLMultiplexerProxyBehaviour.m */,
			);
			path = Behaviours;
			sourceTree = "<group>";
		};
		FEAA5B7A20006DF600E2FA26 /* Blur */ = {
			isa = PBXGroup;
			children = (
				FEAA5B8520011F5E00E2FA26 /* CLBlurBehaviour.h */,
				FEAA5B8620011F5E00E2FA26 /* CLBlurBehaviour.m */,
			);
			path = Blur;
			sourceTree = "<group>";
		};
		FEAA5B7B20006E1B00E2FA26 /* StretchyHeader */ = {
			isa = PBXGroup;
			children = (
				FEAA5B822000F24700E2FA26 /* CLStretchyHeaderBehaviour.h */,
				FEAA5B832000F24700E2FA26 /* CLStretchyHeaderBehaviour.m */,
			);
			path = StretchyHeader;
			sourceTree = "<group>";
		};
/* End PBXGroup section */

/* Begin PBXNativeTarget section */
		FEAA5B3D1FFE658800E2FA26 /* BehaviourDemo */ = {
			isa = PBXNativeTarget;
			buildConfigurationList = FEAA5B6A1FFE658800E2FA26 /* Build configuration list for PBXNativeTarget "BehaviourDemo" */;
			buildPhases = (
				BA1F7CBEC248C7F20D562658 /* [CP] Check Pods Manifest.lock */,
				FEAA5B3A1FFE658800E2FA26 /* Sources */,
				FEAA5B3B1FFE658800E2FA26 /* Frameworks */,
				FEAA5B3C1FFE658800E2FA26 /* Resources */,
				6F3B3B3B430E72189EADBDA8 /* [CP] Embed Pods Frameworks */,
				77429FE13481B4B0D3F10E90 /* [CP] Copy Pods Resources */,
			);
			buildRules = (
			);
			dependencies = (
			);
			name = BehaviourDemo;
			productName = BehaviourDemo;
			productReference = FEAA5B3E1FFE658800E2FA26 /* BehaviourDemo.app */;
			productType = "com.apple.product-type.application";
		};
		FEAA5B551FFE658800E2FA26 /* BehaviourDemoTests */ = {
			isa = PBXNativeTarget;
			buildConfigurationList = FEAA5B6D1FFE658800E2FA26 /* Build configuration list for PBXNativeTarget "BehaviourDemoTests" */;
			buildPhases = (
				94D31A209209E13282803D11 /* [CP] Check Pods Manifest.lock */,
				FEAA5B521FFE658800E2FA26 /* Sources */,
				FEAA5B531FFE658800E2FA26 /* Frameworks */,
				FEAA5B541FFE658800E2FA26 /* Resources */,
				6AD3FA60D6DE40E5C5064666 /* [CP] Embed Pods Frameworks */,
				A51D0DD9837E36E827524C68 /* [CP] Copy Pods Resources */,
			);
			buildRules = (
			);
			dependencies = (
				FEAA5B581FFE658800E2FA26 /* PBXTargetDependency */,
			);
			name = BehaviourDemoTests;
			productName = BehaviourDemoTests;
			productReference = FEAA5B561FFE658800E2FA26 /* BehaviourDemoTests.xctest */;
			productType = "com.apple.product-type.bundle.unit-test";
		};
		FEAA5B601FFE658800E2FA26 /* BehaviourDemoUITests */ = {
			isa = PBXNativeTarget;
			buildConfigurationList = FEAA5B701FFE658800E2FA26 /* Build configuration list for PBXNativeTarget "BehaviourDemoUITests" */;
			buildPhases = (
				52CAB25153F5BAD33B9FFC92 /* [CP] Check Pods Manifest.lock */,
				FEAA5B5D1FFE658800E2FA26 /* Sources */,
				FEAA5B5E1FFE658800E2FA26 /* Frameworks */,
				FEAA5B5F1FFE658800E2FA26 /* Resources */,
				D99185D6F0853C7B3872F73A /* [CP] Embed Pods Frameworks */,
				BBA06C6BC6219812D5BC41D7 /* [CP] Copy Pods Resources */,
			);
			buildRules = (
			);
			dependencies = (
				FEAA5B631FFE658800E2FA26 /* PBXTargetDependency */,
			);
			name = BehaviourDemoUITests;
			productName = BehaviourDemoUITests;
			productReference = FEAA5B611FFE658800E2FA26 /* BehaviourDemoUITests.xctest */;
			productType = "com.apple.product-type.bundle.ui-testing";
		};
/* End PBXNativeTarget section */

/* Begin PBXProject section */
		FEAA5B361FFE658800E2FA26 /* Project object */ = {
			isa = PBXProject;
			attributes = {
				LastUpgradeCheck = 0920;
				ORGANIZATIONNAME = CaryaLiu;
				TargetAttributes = {
					FEAA5B3D1FFE658800E2FA26 = {
						CreatedOnToolsVersion = 9.2;
						ProvisioningStyle = Automatic;
					};
					FEAA5B551FFE658800E2FA26 = {
						CreatedOnToolsVersion = 9.2;
						ProvisioningStyle = Automatic;
						TestTargetID = FEAA5B3D1FFE658800E2FA26;
					};
					FEAA5B601FFE658800E2FA26 = {
						CreatedOnToolsVersion = 9.2;
						ProvisioningStyle = Automatic;
						TestTargetID = FEAA5B3D1FFE658800E2FA26;
					};
				};
			};
			buildConfigurationList = FEAA5B391FFE658800E2FA26 /* Build configuration list for PBXProject "BehaviourDemo" */;
			compatibilityVersion = "Xcode 8.0";
			developmentRegion = en;
			hasScannedForEncodings = 0;
			knownRegions = (
				en,
				Base,
			);
			mainGroup = FEAA5B351FFE658800E2FA26;
			productRefGroup = FEAA5B3F1FFE658800E2FA26 /* Products */;
			projectDirPath = "";
			projectRoot = "";
			targets = (
				FEAA5B3D1FFE658800E2FA26 /* BehaviourDemo */,
				FEAA5B551FFE658800E2FA26 /* BehaviourDemoTests */,
				FEAA5B601FFE658800E2FA26 /* BehaviourDemoUITests */,
			);
		};
/* End PBXProject section */

/* Begin PBXResourcesBuildPhase section */
		FEAA5B3C1FFE658800E2FA26 /* Resources */ = {
			isa = PBXResourcesBuildPhase;
			buildActionMask = 2147483647;
			files = (
				FEAA5B4E1FFE658800E2FA26 /* LaunchScreen.storyboard in Resources */,
				FEAA5B4B1FFE658800E2FA26 /* Assets.xcassets in Resources */,
				FEAA5B491FFE658800E2FA26 /* Main.storyboard in Resources */,
			);
			runOnlyForDeploymentPostprocessing = 0;
		};
		FEAA5B541FFE658800E2FA26 /* Resources */ = {
			isa = PBXResourcesBuildPhase;
			buildActionMask = 2147483647;
			files = (
			);
			runOnlyForDeploymentPostprocessing = 0;
		};
		FEAA5B5F1FFE658800E2FA26 /* Resources */ = {
			isa = PBXResourcesBuildPhase;
			buildActionMask = 2147483647;
			files = (
			);
			runOnlyForDeploymentPostprocessing = 0;
		};
/* End PBXResourcesBuildPhase section */

/* Begin PBXShellScriptBuildPhase section */
		52CAB25153F5BAD33B9FFC92 /* [CP] Check Pods Manifest.lock */ = {
			isa = PBXShellScriptBuildPhase;
			buildActionMask = 2147483647;
			files = (
			);
			inputPaths = (
				"${PODS_PODFILE_DIR_PATH}/Podfile.lock",
				"${PODS_ROOT}/Manifest.lock",
			);
			name = "[CP] Check Pods Manifest.lock";
			outputPaths = (
				"$(DERIVED_FILE_DIR)/Pods-BehaviourDemoUITests-checkManifestLockResult.txt",
			);
			runOnlyForDeploymentPostprocessing = 0;
			shellPath = /bin/sh;
			shellScript = "diff \"${PODS_PODFILE_DIR_PATH}/Podfile.lock\" \"${PODS_ROOT}/Manifest.lock\" > /dev/null\nif [ $? != 0 ] ; then\n    # print error to STDERR\n    echo \"error: The sandbox is not in sync with the Podfile.lock. Run 'pod install' or update your CocoaPods installation.\" >&2\n    exit 1\nfi\n# This output is used by Xcode 'outputs' to avoid re-running this script phase.\necho \"SUCCESS\" > \"${SCRIPT_OUTPUT_FILE_0}\"\n";
			showEnvVarsInLog = 0;
		};
		6AD3FA60D6DE40E5C5064666 /* [CP] Embed Pods Frameworks */ = {
			isa = PBXShellScriptBuildPhase;
			buildActionMask = 2147483647;
			files = (
			);
			inputPaths = (
			);
			name = "[CP] Embed Pods Frameworks";
			outputPaths = (
			);
			runOnlyForDeploymentPostprocessing = 0;
			shellPath = /bin/sh;
			shellScript = "\"${SRCROOT}/Pods/Target Support Files/Pods-BehaviourDemoTests/Pods-BehaviourDemoTests-frameworks.sh\"\n";
			showEnvVarsInLog = 0;
		};
		6F3B3B3B430E72189EADBDA8 /* [CP] Embed Pods Frameworks */ = {
			isa = PBXShellScriptBuildPhase;
			buildActionMask = 2147483647;
			files = (
			);
			inputPaths = (
			);
			name = "[CP] Embed Pods Frameworks";
			outputPaths = (
			);
			runOnlyForDeploymentPostprocessing = 0;
			shellPath = /bin/sh;
			shellScript = "\"${SRCROOT}/Pods/Target Support Files/Pods-BehaviourDemo/Pods-BehaviourDemo-frameworks.sh\"\n";
			showEnvVarsInLog = 0;
		};
		77429FE13481B4B0D3F10E90 /* [CP] Copy Pods Resources */ = {
			isa = PBXShellScriptBuildPhase;
			buildActionMask = 2147483647;
			files = (
			);
			inputPaths = (
			);
			name = "[CP] Copy Pods Resources";
			outputPaths = (
			);
			runOnlyForDeploymentPostprocessing = 0;
			shellPath = /bin/sh;
			shellScript = "\"${SRCROOT}/Pods/Target Support Files/Pods-BehaviourDemo/Pods-BehaviourDemo-resources.sh\"\n";
			showEnvVarsInLog = 0;
		};
		94D31A209209E13282803D11 /* [CP] Check Pods Manifest.lock */ = {
			isa = PBXShellScriptBuildPhase;
			buildActionMask = 2147483647;
			files = (
			);
			inputPaths = (
				"${PODS_PODFILE_DIR_PATH}/Podfile.lock",
				"${PODS_ROOT}/Manifest.lock",
			);
			name = "[CP] Check Pods Manifest.lock";
			outputPaths = (
				"$(DERIVED_FILE_DIR)/Pods-BehaviourDemoTests-checkManifestLockResult.txt",
			);
			runOnlyForDeploymentPostprocessing = 0;
			shellPath = /bin/sh;
			shellScript = "diff \"${PODS_PODFILE_DIR_PATH}/Podfile.lock\" \"${PODS_ROOT}/Manifest.lock\" > /dev/null\nif [ $? != 0 ] ; then\n    # print error to STDERR\n    echo \"error: The sandbox is not in sync with the Podfile.lock. Run 'pod install' or update your CocoaPods installation.\" >&2\n    exit 1\nfi\n# This output is used by Xcode 'outputs' to avoid re-running this script phase.\necho \"SUCCESS\" > \"${SCRIPT_OUTPUT_FILE_0}\"\n";
			showEnvVarsInLog = 0;
		};
		A51D0DD9837E36E827524C68 /* [CP] Copy Pods Resources */ = {
			isa = PBXShellScriptBuildPhase;
			buildActionMask = 2147483647;
			files = (
			);
			inputPaths = (
			);
			name = "[CP] Copy Pods Resources";
			outputPaths = (
			);
			runOnlyForDeploymentPostprocessing = 0;
			shellPath = /bin/sh;
			shellScript = "\"${SRCROOT}/Pods/Target Support Files/Pods-BehaviourDemoTests/Pods-BehaviourDemoTests-resources.sh\"\n";
			showEnvVarsInLog = 0;
		};
		BA1F7CBEC248C7F20D562658 /* [CP] Check Pods Manifest.lock */ = {
			isa = PBXShellScriptBuildPhase;
			buildActionMask = 2147483647;
			files = (
			);
			inputPaths = (
				"${PODS_PODFILE_DIR_PATH}/Podfile.lock",
				"${PODS_ROOT}/Manifest.lock",
			);
			name = "[CP] Check Pods Manifest.lock";
			outputPaths = (
				"$(DERIVED_FILE_DIR)/Pods-BehaviourDemo-checkManifestLockResult.txt",
			);
			runOnlyForDeploymentPostprocessing = 0;
			shellPath = /bin/sh;
			shellScript = "diff \"${PODS_PODFILE_DIR_PATH}/Podfile.lock\" \"${PODS_ROOT}/Manifest.lock\" > /dev/null\nif [ $? != 0 ] ; then\n    # print error to STDERR\n    echo \"error: The sandbox is not in sync with the Podfile.lock. Run 'pod install' or update your CocoaPods installation.\" >&2\n    exit 1\nfi\n# This output is used by Xcode 'outputs' to avoid re-running this script phase.\necho \"SUCCESS\" > \"${SCRIPT_OUTPUT_FILE_0}\"\n";
			showEnvVarsInLog = 0;
		};
		BBA06C6BC6219812D5BC41D7 /* [CP] Copy Pods Resources */ = {
			isa = PBXShellScriptBuildPhase;
			buildActionMask = 2147483647;
			files = (
			);
			inputPaths = (
			);
			name = "[CP] Copy Pods Resources";
			outputPaths = (
			);
			runOnlyForDeploymentPostprocessing = 0;
			shellPath = /bin/sh;
			shellScript = "\"${SRCROOT}/Pods/Target Support Files/Pods-BehaviourDemoUITests/Pods-BehaviourDemoUITests-resources.sh\"\n";
			showEnvVarsInLog = 0;
		};
		D99185D6F0853C7B3872F73A /* [CP] Embed Pods Frameworks */ = {
			isa = PBXShellScriptBuildPhase;
			buildActionMask = 2147483647;
			files = (
			);
			inputPaths = (
			);
			name = "[CP] Embed Pods Frameworks";
			outputPaths = (
			);
			runOnlyForDeploymentPostprocessing = 0;
			shellPath = /bin/sh;
			shellScript = "\"${SRCROOT}/Pods/Target Support Files/Pods-BehaviourDemoUITests/Pods-BehaviourDemoUITests-frameworks.sh\"\n";
			showEnvVarsInLog = 0;
		};
/* End PBXShellScriptBuildPhase section */

/* Begin PBXSourcesBuildPhase section */
		FEAA5B3A1FFE658800E2FA26 /* Sources */ = {
			isa = PBXSourcesBuildPhase;
			buildActionMask = 2147483647;
			files = (
				FEAA5B842000F24700E2FA26 /* CLStretchyHeaderBehaviour.m in Sources */,
				4A5EFE5520083AEF00DFF600 /* CLCharacterLimitBehaviour.m in Sources */,
				FEAA5B461FFE658800E2FA26 /* ViewController.m in Sources */,
				FEAA5B761FFE6CDA00E2FA26 /* StrechyHeaderExampleViewController.m in Sources */,
				FEAA5B7E2000737000E2FA26 /* CLBehaviour.m in Sources */,
				FEAA5B511FFE658800E2FA26 /* main.m in Sources */,
				4A5EFE5820083D0500DFF600 /* NSString+ACIEmoji.m in Sources */,
				FEAA5B8720011F5E00E2FA26 /* CLBlurBehaviour.m in Sources */,
				FEAA5B431FFE658800E2FA26 /* AppDelegate.m in Sources */,
				FE39C40A2007AE8900F41253 /* CLParallaxAnimationBehaviour.m in Sources */,
				FEAA5B812000781600E2FA26 /* CLMultiplexerProxyBehaviour.m in Sources */,
				FE39C4022006611100F41253 /* CLImagePickerBehaviour.m in Sources */,
				FE39C4062007A12300F41253 /* CLBecomeFirstResponderBehaviour.m in Sources */,
			);
			runOnlyForDeploymentPostprocessing = 0;
		};
		FEAA5B521FFE658800E2FA26 /* Sources */ = {
			isa = PBXSourcesBuildPhase;
			buildActionMask = 2147483647;
			files = (
				FEAA5B5B1FFE658800E2FA26 /* BehaviourDemoTests.m in Sources */,
			);
			runOnlyForDeploymentPostprocessing = 0;
		};
		FEAA5B5D1FFE658800E2FA26 /* Sources */ = {
			isa = PBXSourcesBuildPhase;
			buildActionMask = 2147483647;
			files = (
				FEAA5B661FFE658800E2FA26 /* BehaviourDemoUITests.m in Sources */,
			);
			runOnlyForDeploymentPostprocessing = 0;
		};
/* End PBXSourcesBuildPhase section */

/* Begin PBXTargetDependency section */
		FEAA5B581FFE658800E2FA26 /* PBXTargetDependency */ = {
			isa = PBXTargetDependency;
			target = FEAA5B3D1FFE658800E2FA26 /* BehaviourDemo */;
			targetProxy = FEAA5B571FFE658800E2FA26 /* PBXContainerItemProxy */;
		};
		FEAA5B631FFE658800E2FA26 /* PBXTargetDependency */ = {
			isa = PBXTargetDependency;
			target = FEAA5B3D1FFE658800E2FA26 /* BehaviourDemo */;
			targetProxy = FEAA5B621FFE658800E2FA26 /* PBXContainerItemProxy */;
		};
/* End PBXTargetDependency section */

/* Begin PBXVariantGroup section */
		FEAA5B471FFE658800E2FA26 /* Main.storyboard */ = {
			isa = PBXVariantGroup;
			children = (
				FEAA5B481FFE658800E2FA26 /* Base */,
			);
			name = Main.storyboard;
			sourceTree = "<group>";
		};
		FEAA5B4C1FFE658800E2FA26 /* LaunchScreen.storyboard */ = {
			isa = PBXVariantGroup;
			children = (
				FEAA5B4D1FFE658800E2FA26 /* Base */,
			);
			name = LaunchScreen.storyboard;
			sourceTree = "<group>";
		};
/* End PBXVariantGroup section */

/* Begin XCBuildConfiguration section */
		FEAA5B681FFE658800E2FA26 /* Debug */ = {
			isa = XCBuildConfiguration;
			buildSettings = {
				ALWAYS_SEARCH_USER_PATHS = NO;
				CLANG_ANALYZER_NONNULL = YES;
				CLANG_ANALYZER_NUMBER_OBJECT_CONVERSION = YES_AGGRESSIVE;
				CLANG_CXX_LANGUAGE_STANDARD = "gnu++14";
				CLANG_CXX_LIBRARY = "libc++";
				CLANG_ENABLE_MODULES = YES;
				CLANG_ENABLE_OBJC_ARC = YES;
				CLANG_WARN_BLOCK_CAPTURE_AUTORELEASING = YES;
				CLANG_WARN_BOOL_CONVERSION = YES;
				CLANG_WARN_COMMA = YES;
				CLANG_WARN_CONSTANT_CONVERSION = YES;
				CLANG_WARN_DIRECT_OBJC_ISA_USAGE = YES_ERROR;
				CLANG_WARN_DOCUMENTATION_COMMENTS = YES;
				CLANG_WARN_EMPTY_BODY = YES;
				CLANG_WARN_ENUM_CONVERSION = YES;
				CLANG_WARN_INFINITE_RECURSION = YES;
				CLANG_WARN_INT_CONVERSION = YES;
				CLANG_WARN_NON_LITERAL_NULL_CONVERSION = YES;
				CLANG_WARN_OBJC_LITERAL_CONVERSION = YES;
				CLANG_WARN_OBJC_ROOT_CLASS = YES_ERROR;
				CLANG_WARN_RANGE_LOOP_ANALYSIS = YES;
				CLANG_WARN_STRICT_PROTOTYPES = YES;
				CLANG_WARN_SUSPICIOUS_MOVE = YES;
				CLANG_WARN_UNGUARDED_AVAILABILITY = YES_AGGRESSIVE;
				CLANG_WARN_UNREACHABLE_CODE = YES;
				CLANG_WARN__DUPLICATE_METHOD_MATCH = YES;
				CODE_SIGN_IDENTITY = "iPhone Developer";
				COPY_PHASE_STRIP = NO;
				DEBUG_INFORMATION_FORMAT = dwarf;
				ENABLE_STRICT_OBJC_MSGSEND = YES;
				ENABLE_TESTABILITY = YES;
				GCC_C_LANGUAGE_STANDARD = gnu11;
				GCC_DYNAMIC_NO_PIC = NO;
				GCC_NO_COMMON_BLOCKS = YES;
				GCC_OPTIMIZATION_LEVEL = 0;
				GCC_PREPROCESSOR_DEFINITIONS = (
					"DEBUG=1",
					"$(inherited)",
				);
				GCC_WARN_64_TO_32_BIT_CONVERSION = YES;
				GCC_WARN_ABOUT_RETURN_TYPE = YES_ERROR;
				GCC_WARN_UNDECLARED_SELECTOR = YES;
				GCC_WARN_UNINITIALIZED_AUTOS = YES_AGGRESSIVE;
				GCC_WARN_UNUSED_FUNCTION = YES;
				GCC_WARN_UNUSED_VARIABLE = YES;
				IPHONEOS_DEPLOYMENT_TARGET = 10.0;
				MTL_ENABLE_DEBUG_INFO = YES;
				ONLY_ACTIVE_ARCH = YES;
				SDKROOT = iphoneos;
			};
			name = Debug;
		};
		FEAA5B691FFE658800E2FA26 /* Release */ = {
			isa = XCBuildConfiguration;
			buildSettings = {
				ALWAYS_SEARCH_USER_PATHS = NO;
				CLANG_ANALYZER_NONNULL = YES;
				CLANG_ANALYZER_NUMBER_OBJECT_CONVERSION = YES_AGGRESSIVE;
				CLANG_CXX_LANGUAGE_STANDARD = "gnu++14";
				CLANG_CXX_LIBRARY = "libc++";
				CLANG_ENABLE_MODULES = YES;
				CLANG_ENABLE_OBJC_ARC = YES;
				CLANG_WARN_BLOCK_CAPTURE_AUTORELEASING = YES;
				CLANG_WARN_BOOL_CONVERSION = YES;
				CLANG_WARN_COMMA = YES;
				CLANG_WARN_CONSTANT_CONVERSION = YES;
				CLANG_WARN_DIRECT_OBJC_ISA_USAGE = YES_ERROR;
				CLANG_WARN_DOCUMENTATION_COMMENTS = YES;
				CLANG_WARN_EMPTY_BODY = YES;
				CLANG_WARN_ENUM_CONVERSION = YES;
				CLANG_WARN_INFINITE_RECURSION = YES;
				CLANG_WARN_INT_CONVERSION = YES;
				CLANG_WARN_NON_LITERAL_NULL_CONVERSION = YES;
				CLANG_WARN_OBJC_LITERAL_CONVERSION = YES;
				CLANG_WARN_OBJC_ROOT_CLASS = YES_ERROR;
				CLANG_WARN_RANGE_LOOP_ANALYSIS = YES;
				CLANG_WARN_STRICT_PROTOTYPES = YES;
				CLANG_WARN_SUSPICIOUS_MOVE = YES;
				CLANG_WARN_UNGUARDED_AVAILABILITY = YES_AGGRESSIVE;
				CLANG_WARN_UNREACHABLE_CODE = YES;
				CLANG_WARN__DUPLICATE_METHOD_MATCH = YES;
				CODE_SIGN_IDENTITY = "iPhone Developer";
				COPY_PHASE_STRIP = NO;
				DEBUG_INFORMATION_FORMAT = "dwarf-with-dsym";
				ENABLE_NS_ASSERTIONS = NO;
				ENABLE_STRICT_OBJC_MSGSEND = YES;
				GCC_C_LANGUAGE_STANDARD = gnu11;
				GCC_NO_COMMON_BLOCKS = YES;
				GCC_WARN_64_TO_32_BIT_CONVERSION = YES;
				GCC_WARN_ABOUT_RETURN_TYPE = YES_ERROR;
				GCC_WARN_UNDECLARED_SELECTOR = YES;
				GCC_WARN_UNINITIALIZED_AUTOS = YES_AGGRESSIVE;
				GCC_WARN_UNUSED_FUNCTION = YES;
				GCC_WARN_UNUSED_VARIABLE = YES;
				IPHONEOS_DEPLOYMENT_TARGET = 10.0;
				MTL_ENABLE_DEBUG_INFO = NO;
				SDKROOT = iphoneos;
				VALIDATE_PRODUCT = YES;
			};
			name = Release;
		};
		FEAA5B6B1FFE658800E2FA26 /* Debug */ = {
			isa = XCBuildConfiguration;
			baseConfigurationReference = C04A0311F40B638E7CDE407E /* Pods-BehaviourDemo.debug.xcconfig */;
			buildSettings = {
				ASSETCATALOG_COMPILER_APPICON_NAME = AppIcon;
				CODE_SIGN_STYLE = Automatic;
				DEVELOPMENT_TEAM = V5HBWRS4M3;
				INFOPLIST_FILE = BehaviourDemo/Info.plist;
				LD_RUNPATH_SEARCH_PATHS = "$(inherited) @executable_path/Frameworks";
				PRODUCT_BUNDLE_IDENTIFIER = com.liumh.BehaviourDemo;
				PRODUCT_NAME = "$(TARGET_NAME)";
				TARGETED_DEVICE_FAMILY = "1,2";
			};
			name = Debug;
		};
		FEAA5B6C1FFE658800E2FA26 /* Release */ = {
			isa = XCBuildConfiguration;
			baseConfigurationReference = 18692C655BDA6A08F13D129A /* Pods-BehaviourDemo.release.xcconfig */;
			buildSettings = {
				ASSETCATALOG_COMPILER_APPICON_NAME = AppIcon;
				CODE_SIGN_STYLE = Automatic;
				DEVELOPMENT_TEAM = V5HBWRS4M3;
				INFOPLIST_FILE = BehaviourDemo/Info.plist;
				LD_RUNPATH_SEARCH_PATHS = "$(inherited) @executable_path/Frameworks";
				PRODUCT_BUNDLE_IDENTIFIER = com.liumh.BehaviourDemo;
				PRODUCT_NAME = "$(TARGET_NAME)";
				TARGETED_DEVICE_FAMILY = "1,2";
			};
			name = Release;
		};
		FEAA5B6E1FFE658800E2FA26 /* Debug */ = {
			isa = XCBuildConfiguration;
			baseConfigurationReference = 1AAA0CEE73E9D689EBE68F7A /* Pods-BehaviourDemoTests.debug.xcconfig */;
			buildSettings = {
				BUNDLE_LOADER = "$(TEST_HOST)";
				CODE_SIGN_STYLE = Automatic;
				DEVELOPMENT_TEAM = V5HBWRS4M3;
				INFOPLIST_FILE = BehaviourDemoTests/Info.plist;
				LD_RUNPATH_SEARCH_PATHS = "$(inherited) @executable_path/Frameworks @loader_path/Frameworks";
				PRODUCT_BUNDLE_IDENTIFIER = com.liumh.BehaviourDemoTests;
				PRODUCT_NAME = "$(TARGET_NAME)";
				TARGETED_DEVICE_FAMILY = "1,2";
				TEST_HOST = "$(BUILT_PRODUCTS_DIR)/BehaviourDemo.app/BehaviourDemo";
			};
			name = Debug;
		};
		FEAA5B6F1FFE658800E2FA26 /* Release */ = {
			isa = XCBuildConfiguration;
			baseConfigurationReference = AC21BAA8A9413EB0EA9EF724 /* Pods-BehaviourDemoTests.release.xcconfig */;
			buildSettings = {
				BUNDLE_LOADER = "$(TEST_HOST)";
				CODE_SIGN_STYLE = Automatic;
				DEVELOPMENT_TEAM = V5HBWRS4M3;
				INFOPLIST_FILE = BehaviourDemoTests/Info.plist;
				LD_RUNPATH_SEARCH_PATHS = "$(inherited) @executable_path/Frameworks @loader_path/Frameworks";
				PRODUCT_BUNDLE_IDENTIFIER = com.liumh.BehaviourDemoTests;
				PRODUCT_NAME = "$(TARGET_NAME)";
				TARGETED_DEVICE_FAMILY = "1,2";
				TEST_HOST = "$(BUILT_PRODUCTS_DIR)/BehaviourDemo.app/BehaviourDemo";
			};
			name = Release;
		};
		FEAA5B711FFE658800E2FA26 /* Debug */ = {
			isa = XCBuildConfiguration;
			baseConfigurationReference = 6186DB6ED4D4035C3C4EB66C /* Pods-BehaviourDemoUITests.debug.xcconfig */;
			buildSettings = {
				CODE_SIGN_STYLE = Automatic;
				DEVELOPMENT_TEAM = V5HBWRS4M3;
				INFOPLIST_FILE = BehaviourDemoUITests/Info.plist;
				LD_RUNPATH_SEARCH_PATHS = "$(inherited) @executable_path/Frameworks @loader_path/Frameworks";
				PRODUCT_BUNDLE_IDENTIFIER = com.liumh.BehaviourDemoUITests;
				PRODUCT_NAME = "$(TARGET_NAME)";
				TARGETED_DEVICE_FAMILY = "1,2";
				TEST_TARGET_NAME = BehaviourDemo;
			};
			name = Debug;
		};
		FEAA5B721FFE658800E2FA26 /* Release */ = {
			isa = XCBuildConfiguration;
			baseConfigurationReference = 48E219AC17D998929AE10CBD /* Pods-BehaviourDemoUITests.release.xcconfig */;
			buildSettings = {
				CODE_SIGN_STYLE = Automatic;
				DEVELOPMENT_TEAM = V5HBWRS4M3;
				INFOPLIST_FILE = BehaviourDemoUITests/Info.plist;
				LD_RUNPATH_SEARCH_PATHS = "$(inherited) @executable_path/Frameworks @loader_path/Frameworks";
				PRODUCT_BUNDLE_IDENTIFIER = com.liumh.BehaviourDemoUITests;
				PRODUCT_NAME = "$(TARGET_NAME)";
				TARGETED_DEVICE_FAMILY = "1,2";
				TEST_TARGET_NAME = BehaviourDemo;
			};
			name = Release;
		};
/* End XCBuildConfiguration section */

/* Begin XCConfigurationList section */
		FEAA5B391FFE658800E2FA26 /* Build configuration list for PBXProject "BehaviourDemo" */ = {
			isa = XCConfigurationList;
			buildConfigurations = (
				FEAA5B681FFE658800E2FA26 /* Debug */,
				FEAA5B691FFE658800E2FA26 /* Release */,
			);
			defaultConfigurationIsVisible = 0;
			defaultConfigurationName = Release;
		};
		FEAA5B6A1FFE658800E2FA26 /* Build configuration list for PBXNativeTarget "BehaviourDemo" */ = {
			isa = XCConfigurationList;
			buildConfigurations = (
				FEAA5B6B1FFE658800E2FA26 /* Debug */,
				FEAA5B6C1FFE658800E2FA26 /* Release */,
			);
			defaultConfigurationIsVisible = 0;
			defaultConfigurationName = Release;
		};
		FEAA5B6D1FFE658800E2FA26 /* Build configuration list for PBXNativeTarget "BehaviourDemoTests" */ = {
			isa = XCConfigurationList;
			buildConfigurations = (
				FEAA5B6E1FFE658800E2FA26 /* Debug */,
				FEAA5B6F1FFE658800E2FA26 /* Release */,
			);
			defaultConfigurationIsVisible = 0;
			defaultConfigurationName = Release;
		};
		FEAA5B701FFE658800E2FA26 /* Build configuration list for PBXNativeTarget "BehaviourDemoUITests" */ = {
			isa = XCConfigurationList;
			buildConfigurations = (
				FEAA5B711FFE658800E2FA26 /* Debug */,
				FEAA5B721FFE658800E2FA26 /* Release */,
			);
			defaultConfigurationIsVisible = 0;
			defaultConfigurationName = Release;
		};
/* End XCConfigurationList section */
	};
	rootObject = FEAA5B361FFE658800E2FA26 /* Project object */;
}
